// !$*UTF8*$!
{
	archiveVersion = 1;
	classes = {
	};
	objectVersion = 51;
	objects = {

/* Begin PBXBuildFile section */
		8009DF5B9D1D20FA8CA51FA6 /* Pods_MyPlaces.framework in Frameworks */ = {isa = PBXBuildFile; fileRef = 50742F76F820787B5EE9F0CF /* Pods_MyPlaces.framework */; };
		8A3C298424E3F6A4008ACCB5 /* NewPlaceViewController.swift in Sources */ = {isa = PBXBuildFile; fileRef = 8A3C298324E3F6A4008ACCB5 /* NewPlaceViewController.swift */; };
		8A3DA91A24E4232C00F9DAEB /* StorageManager.swift in Sources */ = {isa = PBXBuildFile; fileRef = 8A3DA91924E4232C00F9DAEB /* StorageManager.swift */; };
		8AC9C2A424DD701500E9F6BD /* AppDelegate.swift in Sources */ = {isa = PBXBuildFile; fileRef = 8AC9C2A324DD701500E9F6BD /* AppDelegate.swift */; };
		8AC9C2A624DD701500E9F6BD /* SceneDelegate.swift in Sources */ = {isa = PBXBuildFile; fileRef = 8AC9C2A524DD701500E9F6BD /* SceneDelegate.swift */; };
		8AC9C2AB24DD701500E9F6BD /* Main.storyboard in Resources */ = {isa = PBXBuildFile; fileRef = 8AC9C2A924DD701500E9F6BD /* Main.storyboard */; };
		8AC9C2AD24DD701600E9F6BD /* Assets.xcassets in Resources */ = {isa = PBXBuildFile; fileRef = 8AC9C2AC24DD701600E9F6BD /* Assets.xcassets */; };
		8AC9C2B024DD701600E9F6BD /* LaunchScreen.storyboard in Resources */ = {isa = PBXBuildFile; fileRef = 8AC9C2AE24DD701600E9F6BD /* LaunchScreen.storyboard */; };
		8AC9C2B824DD766200E9F6BD /* MainViewController.swift in Sources */ = {isa = PBXBuildFile; fileRef = 8AC9C2B724DD766200E9F6BD /* MainViewController.swift */; };
		8AF10DCE24E2BE1200EA119D /* Default-568h@2x.png in Resources */ = {isa = PBXBuildFile; fileRef = 8AF10DCD24E2BE1200EA119D /* Default-568h@2x.png */; };
		8AF10DD024E2D6E900EA119D /* CustomTableViewCell.swift in Sources */ = {isa = PBXBuildFile; fileRef = 8AF10DCF24E2D6E900EA119D /* CustomTableViewCell.swift */; };
		8AF10DD224E2DDA800EA119D /* PlaceModel.swift in Sources */ = {isa = PBXBuildFile; fileRef = 8AF10DD124E2DDA800EA119D /* PlaceModel.swift */; };
/* End PBXBuildFile section */

/* Begin PBXFileReference section */
		50742F76F820787B5EE9F0CF /* Pods_MyPlaces.framework */ = {isa = PBXFileReference; explicitFileType = wrapper.framework; includeInIndex = 0; path = Pods_MyPlaces.framework; sourceTree = BUILT_PRODUCTS_DIR; };
		7012D0EE2D9145EF674845DB /* Pods-MyPlaces.debug.xcconfig */ = {isa = PBXFileReference; includeInIndex = 1; lastKnownFileType = text.xcconfig; name = "Pods-MyPlaces.debug.xcconfig"; path = "Target Support Files/Pods-MyPlaces/Pods-MyPlaces.debug.xcconfig"; sourceTree = "<group>"; };
		8A3C298324E3F6A4008ACCB5 /* NewPlaceViewController.swift */ = {isa = PBXFileReference; lastKnownFileType = sourcecode.swift; path = NewPlaceViewController.swift; sourceTree = "<group>"; };
		8A3DA91924E4232C00F9DAEB /* StorageManager.swift */ = {isa = PBXFileReference; lastKnownFileType = sourcecode.swift; path = StorageManager.swift; sourceTree = "<group>"; };
		8AC9C2A024DD701500E9F6BD /* MyPlaces.app */ = {isa = PBXFileReference; explicitFileType = wrapper.application; includeInIndex = 0; path = MyPlaces.app; sourceTree = BUILT_PRODUCTS_DIR; };
		8AC9C2A324DD701500E9F6BD /* AppDelegate.swift */ = {isa = PBXFileReference; lastKnownFileType = sourcecode.swift; path = AppDelegate.swift; sourceTree = "<group>"; };
		8AC9C2A524DD701500E9F6BD /* SceneDelegate.swift */ = {isa = PBXFileReference; lastKnownFileType = sourcecode.swift; path = SceneDelegate.swift; sourceTree = "<group>"; };
		8AC9C2AA24DD701500E9F6BD /* Base */ = {isa = PBXFileReference; lastKnownFileType = file.storyboard; name = Base; path = Base.lproj/Main.storyboard; sourceTree = "<group>"; };
		8AC9C2AC24DD701600E9F6BD /* Assets.xcassets */ = {isa = PBXFileReference; lastKnownFileType = folder.assetcatalog; path = Assets.xcassets; sourceTree = "<group>"; };
		8AC9C2AF24DD701600E9F6BD /* Base */ = {isa = PBXFileReference; lastKnownFileType = file.storyboard; name = Base; path = Base.lproj/LaunchScreen.storyboard; sourceTree = "<group>"; };
		8AC9C2B124DD701600E9F6BD /* Info.plist */ = {isa = PBXFileReference; lastKnownFileType = text.plist.xml; path = Info.plist; sourceTree = "<group>"; };
		8AC9C2B724DD766200E9F6BD /* MainViewController.swift */ = {isa = PBXFileReference; lastKnownFileType = sourcecode.swift; path = MainViewController.swift; sourceTree = "<group>"; };
		8AF10DCD24E2BE1200EA119D /* Default-568h@2x.png */ = {isa = PBXFileReference; lastKnownFileType = image.png; path = "Default-568h@2x.png"; sourceTree = "<group>"; };
		8AF10DCF24E2D6E900EA119D /* CustomTableViewCell.swift */ = {isa = PBXFileReference; lastKnownFileType = sourcecode.swift; path = CustomTableViewCell.swift; sourceTree = "<group>"; };
		8AF10DD124E2DDA800EA119D /* PlaceModel.swift */ = {isa = PBXFileReference; lastKnownFileType = sourcecode.swift; path = PlaceModel.swift; sourceTree = "<group>"; };
		D60B3F5183401B5CC20A1981 /* Pods-MyPlaces.release.xcconfig */ = {isa = PBXFileReference; includeInIndex = 1; lastKnownFileType = text.xcconfig; name = "Pods-MyPlaces.release.xcconfig"; path = "Target Support Files/Pods-MyPlaces/Pods-MyPlaces.release.xcconfig"; sourceTree = "<group>"; };
/* End PBXFileReference section */

/* Begin PBXFrameworksBuildPhase section */
		8AC9C29D24DD701500E9F6BD /* Frameworks */ = {
			isa = PBXFrameworksBuildPhase;
			buildActionMask = 2147483647;
			files = (
				8009DF5B9D1D20FA8CA51FA6 /* Pods_MyPlaces.framework in Frameworks */,
			);
			runOnlyForDeploymentPostprocessing = 0;
		};
/* End PBXFrameworksBuildPhase section */

/* Begin PBXGroup section */
		3A37E2F5669D7297DEE768DD /* Frameworks */ = {
			isa = PBXGroup;
			children = (
				50742F76F820787B5EE9F0CF /* Pods_MyPlaces.framework */,
			);
			name = Frameworks;
			sourceTree = "<group>";
		};
		5DFB5C9481A42FA861E0CEDC /* Pods */ = {
			isa = PBXGroup;
			children = (
				7012D0EE2D9145EF674845DB /* Pods-MyPlaces.debug.xcconfig */,
				D60B3F5183401B5CC20A1981 /* Pods-MyPlaces.release.xcconfig */,
			);
			path = Pods;
			sourceTree = "<group>";
		};
		8AC9C29724DD701500E9F6BD = {
			isa = PBXGroup;
			children = (
				8AF10DCD24E2BE1200EA119D /* Default-568h@2x.png */,
				8AC9C2A224DD701500E9F6BD /* MyPlaces */,
				8AC9C2A124DD701500E9F6BD /* Products */,
				5DFB5C9481A42FA861E0CEDC /* Pods */,
				3A37E2F5669D7297DEE768DD /* Frameworks */,
			);
			sourceTree = "<group>";
		};
		8AC9C2A124DD701500E9F6BD /* Products */ = {
			isa = PBXGroup;
			children = (
				8AC9C2A024DD701500E9F6BD /* MyPlaces.app */,
			);
			name = Products;
			sourceTree = "<group>";
		};
		8AC9C2A224DD701500E9F6BD /* MyPlaces */ = {
			isa = PBXGroup;
			children = (
				8AC9C2A324DD701500E9F6BD /* AppDelegate.swift */,
				8AC9C2A524DD701500E9F6BD /* SceneDelegate.swift */,
				8AC9C2B724DD766200E9F6BD /* MainViewController.swift */,
				8AF10DD124E2DDA800EA119D /* PlaceModel.swift */,
				8A3DA91924E4232C00F9DAEB /* StorageManager.swift */,
				8AF10DCF24E2D6E900EA119D /* CustomTableViewCell.swift */,
				8A3C298324E3F6A4008ACCB5 /* NewPlaceViewController.swift */,
				8AC9C2A924DD701500E9F6BD /* Main.storyboard */,
				8AC9C2AC24DD701600E9F6BD /* Assets.xcassets */,
				8AC9C2AE24DD701600E9F6BD /* LaunchScreen.storyboard */,
				8AC9C2B124DD701600E9F6BD /* Info.plist */,
			);
			path = MyPlaces;
			sourceTree = "<group>";
		};
/* End PBXGroup section */

/* Begin PBXNativeTarget section */
		8AC9C29F24DD701500E9F6BD /* MyPlaces */ = {
			isa = PBXNativeTarget;
			buildConfigurationList = 8AC9C2B424DD701600E9F6BD /* Build configuration list for PBXNativeTarget "MyPlaces" */;
			buildPhases = (
				2EE3B6E896FA3CFA47501CD9 /* [CP] Check Pods Manifest.lock */,
				8AC9C29C24DD701500E9F6BD /* Sources */,
				8AC9C29D24DD701500E9F6BD /* Frameworks */,
				8AC9C29E24DD701500E9F6BD /* Resources */,
				E83BFF1AFC3DE031F094B89F /* [CP] Embed Pods Frameworks */,
			);
			buildRules = (
			);
			dependencies = (
			);
			name = MyPlaces;
			productName = MyPlaces;
			productReference = 8AC9C2A024DD701500E9F6BD /* MyPlaces.app */;
			productType = "com.apple.product-type.application";
		};
/* End PBXNativeTarget section */

/* Begin PBXProject section */
		8AC9C29824DD701500E9F6BD /* Project object */ = {
			isa = PBXProject;
			attributes = {
				LastSwiftUpdateCheck = 1160;
				LastUpgradeCheck = 1160;
				ORGANIZATIONNAME = "Андрей";
				TargetAttributes = {
					8AC9C29F24DD701500E9F6BD = {
						CreatedOnToolsVersion = 11.6;
					};
				};
			};
			buildConfigurationList = 8AC9C29B24DD701500E9F6BD /* Build configuration list for PBXProject "MyPlaces" */;
			compatibilityVersion = "Xcode 9.3";
			developmentRegion = en;
			hasScannedForEncodings = 0;
			knownRegions = (
				en,
				Base,
			);
			mainGroup = 8AC9C29724DD701500E9F6BD;
			productRefGroup = 8AC9C2A124DD701500E9F6BD /* Products */;
			projectDirPath = "";
			projectRoot = "";
			targets = (
				8AC9C29F24DD701500E9F6BD /* MyPlaces */,
			);
		};
/* End PBXProject section */

/* Begin PBXResourcesBuildPhase section */
		8AC9C29E24DD701500E9F6BD /* Resources */ = {
			isa = PBXResourcesBuildPhase;
			buildActionMask = 2147483647;
			files = (
				8AC9C2B024DD701600E9F6BD /* LaunchScreen.storyboard in Resources */,
				8AF10DCE24E2BE1200EA119D /* Default-568h@2x.png in Resources */,
				8AC9C2AD24DD701600E9F6BD /* Assets.xcassets in Resources */,
				8AC9C2AB24DD701500E9F6BD /* Main.storyboard in Resources */,
			);
			runOnlyForDeploymentPostprocessing = 0;
		};
/* End PBXResourcesBuildPhase section */

/* Begin PBXShellScriptBuildPhase section */
		2EE3B6E896FA3CFA47501CD9 /* [CP] Check Pods Manifest.lock */ = {
			isa = PBXShellScriptBuildPhase;
			buildActionMask = 2147483647;
			files = (
			);
			inputFileListPaths = (
			);
			inputPaths = (
				"${PODS_PODFILE_DIR_PATH}/Podfile.lock",
				"${PODS_ROOT}/Manifest.lock",
			);
			name = "[CP] Check Pods Manifest.lock";
			outputFileListPaths = (
			);
			outputPaths = (
				"$(DERIVED_FILE_DIR)/Pods-MyPlaces-checkManifestLockResult.txt",
			);
			runOnlyForDeploymentPostprocessing = 0;
			shellPath = /bin/sh;
			shellScript = "diff \"${PODS_PODFILE_DIR_PATH}/Podfile.lock\" \"${PODS_ROOT}/Manifest.lock\" > /dev/null\nif [ $? != 0 ] ; then\n    # print error to STDERR\n    echo \"error: The sandbox is not in sync with the Podfile.lock. Run 'pod install' or update your CocoaPods installation.\" >&2\n    exit 1\nfi\n# This output is used by Xcode 'outputs' to avoid re-running this script phase.\necho \"SUCCESS\" > \"${SCRIPT_OUTPUT_FILE_0}\"\n";
			showEnvVarsInLog = 0;
		};
		E83BFF1AFC3DE031F094B89F /* [CP] Embed Pods Frameworks */ = {
			isa = PBXShellScriptBuildPhase;
			buildActionMask = 2147483647;
			files = (
			);
			inputFileListPaths = (
				"${PODS_ROOT}/Target Support Files/Pods-MyPlaces/Pods-MyPlaces-frameworks-${CONFIGURATION}-input-files.xcfilelist",
			);
			name = "[CP] Embed Pods Frameworks";
			outputFileListPaths = (
				"${PODS_ROOT}/Target Support Files/Pods-MyPlaces/Pods-MyPlaces-frameworks-${CONFIGURATION}-output-files.xcfilelist",
			);
			runOnlyForDeploymentPostprocessing = 0;
			shellPath = /bin/sh;
			shellScript = "\"${PODS_ROOT}/Target Support Files/Pods-MyPlaces/Pods-MyPlaces-frameworks.sh\"\n";
			showEnvVarsInLog = 0;
		};
/* End PBXShellScriptBuildPhase section */

/* Begin PBXSourcesBuildPhase section */
		8AC9C29C24DD701500E9F6BD /* Sources */ = {
			isa = PBXSourcesBuildPhase;
			buildActionMask = 2147483647;
			files = (
				8AC9C2B824DD766200E9F6BD /* MainViewController.swift in Sources */,
				8A3C298424E3F6A4008ACCB5 /* NewPlaceViewController.swift in Sources */,
				8AC9C2A424DD701500E9F6BD /* AppDelegate.swift in Sources */,
				8A3DA91A24E4232C00F9DAEB /* StorageManager.swift in Sources */,
				8AF10DD224E2DDA800EA119D /* PlaceModel.swift in Sources */,
				8AF10DD024E2D6E900EA119D /* CustomTableViewCell.swift in Sources */,
				8AC9C2A624DD701500E9F6BD /* SceneDelegate.swift in Sources */,
			);
			runOnlyForDeploymentPostprocessing = 0;
		};
/* End PBXSourcesBuildPhase section */

/* Begin PBXVariantGroup section */
		8AC9C2A924DD701500E9F6BD /* Main.storyboard */ = {
			isa = PBXVariantGroup;
			children = (
				8AC9C2AA24DD701500E9F6BD /* Base */,
			);
			name = Main.storyboard;
			sourceTree = "<group>";
		};
		8AC9C2AE24DD701600E9F6BD /* LaunchScreen.storyboard */ = {
			isa = PBXVariantGroup;
			children = (
				8AC9C2AF24DD701600E9F6BD /* Base */,
			);
			name = LaunchScreen.storyboard;
			sourceTree = "<group>";
		};
/* End PBXVariantGroup section */

/* Begin XCBuildConfiguration section */
		8AC9C2B224DD701600E9F6BD /* Debug */ = {
			isa = XCBuildConfiguration;
			buildSettings = {
				ALWAYS_SEARCH_USER_PATHS = NO;
				CLANG_ANALYZER_NONNULL = YES;
				CLANG_ANALYZER_NUMBER_OBJECT_CONVERSION = YES_AGGRESSIVE;
				CLANG_CXX_LANGUAGE_STANDARD = "gnu++14";
				CLANG_CXX_LIBRARY = "libc++";
				CLANG_ENABLE_MODULES = YES;
				CLANG_ENABLE_OBJC_ARC = YES;
				CLANG_ENABLE_OBJC_WEAK = YES;
				CLANG_WARN_BLOCK_CAPTURE_AUTORELEASING = YES;
				CLANG_WARN_BOOL_CONVERSION = YES;
				CLANG_WARN_COMMA = YES;
				CLANG_WARN_CONSTANT_CONVERSION = YES;
				CLANG_WARN_DEPRECATED_OBJC_IMPLEMENTATIONS = YES;
				CLANG_WARN_DIRECT_OBJC_ISA_USAGE = YES_ERROR;
				CLANG_WARN_DOCUMENTATION_COMMENTS = YES;
				CLANG_WARN_EMPTY_BODY = YES;
				CLANG_WARN_ENUM_CONVERSION = YES;
				CLANG_WARN_INFINITE_RECURSION = YES;
				CLANG_WARN_INT_CONVERSION = YES;
				CLANG_WARN_NON_LITERAL_NULL_CONVERSION = YES;
				CLANG_WARN_OBJC_IMPLICIT_RETAIN_SELF = YES;
				CLANG_WARN_OBJC_LITERAL_CONVERSION = YES;
				CLANG_WARN_OBJC_ROOT_CLASS = YES_ERROR;
				CLANG_WARN_RANGE_LOOP_ANALYSIS = YES;
				CLANG_WARN_STRICT_PROTOTYPES = YES;
				CLANG_WARN_SUSPICIOUS_MOVE = YES;
				CLANG_WARN_UNGUARDED_AVAILABILITY = YES_AGGRESSIVE;
				CLANG_WARN_UNREACHABLE_CODE = YES;
				CLANG_WARN__DUPLICATE_METHOD_MATCH = YES;
				COPY_PHASE_STRIP = NO;
				DEBUG_INFORMATION_FORMAT = dwarf;
				ENABLE_STRICT_OBJC_MSGSEND = YES;
				ENABLE_TESTABILITY = YES;
				GCC_C_LANGUAGE_STANDARD = gnu11;
				GCC_DYNAMIC_NO_PIC = NO;
				GCC_NO_COMMON_BLOCKS = YES;
				GCC_OPTIMIZATION_LEVEL = 0;
				GCC_PREPROCESSOR_DEFINITIONS = (
					"DEBUG=1",
					"$(inherited)",
				);
				GCC_WARN_64_TO_32_BIT_CONVERSION = YES;
				GCC_WARN_ABOUT_RETURN_TYPE = YES_ERROR;
				GCC_WARN_UNDECLARED_SELECTOR = YES;
				GCC_WARN_UNINITIALIZED_AUTOS = YES_AGGRESSIVE;
				GCC_WARN_UNUSED_FUNCTION = YES;
				GCC_WARN_UNUSED_VARIABLE = YES;
				IPHONEOS_DEPLOYMENT_TARGET = 13.0;
				MTL_ENABLE_DEBUG_INFO = INCLUDE_SOURCE;
				MTL_FAST_MATH = YES;
				ONLY_ACTIVE_ARCH = YES;
				SDKROOT = iphoneos;
				SWIFT_ACTIVE_COMPILATION_CONDITIONS = DEBUG;
				SWIFT_OPTIMIZATION_LEVEL = "-Onone";
			};
			name = Debug;
		};
		8AC9C2B324DD701600E9F6BD /* Release */ = {
			isa = XCBuildConfiguration;
			buildSettings = {
				ALWAYS_SEARCH_USER_PATHS = NO;
				CLANG_ANALYZER_NONNULL = YES;
				CLANG_ANALYZER_NUMBER_OBJECT_CONVERSION = YES_AGGRESSIVE;
				CLANG_CXX_LANGUAGE_STANDARD = "gnu++14";
				CLANG_CXX_LIBRARY = "libc++";
				CLANG_ENABLE_MODULES = YES;
				CLANG_ENABLE_OBJC_ARC = YES;
				CLANG_ENABLE_OBJC_WEAK = YES;
				CLANG_WARN_BLOCK_CAPTURE_AUTORELEASING = YES;
				CLANG_WARN_BOOL_CONVERSION = YES;
				CLANG_WARN_COMMA = YES;
				CLANG_WARN_CONSTANT_CONVERSION = YES;
				CLANG_WARN_DEPRECATED_OBJC_IMPLEMENTATIONS = YES;
				CLANG_WARN_DIRECT_OBJC_ISA_USAGE = YES_ERROR;
				CLANG_WARN_DOCUMENTATION_COMMENTS = YES;
				CLANG_WARN_EMPTY_BODY = YES;
				CLANG_WARN_ENUM_CONVERSION = YES;
				CLANG_WARN_INFINITE_RECURSION = YES;
				CLANG_WARN_INT_CONVERSION = YES;
				CLANG_WARN_NON_LITERAL_NULL_CONVERSION = YES;
				CLANG_WARN_OBJC_IMPLICIT_RETAIN_SELF = YES;
				CLANG_WARN_OBJC_LITERAL_CONVERSION = YES;
				CLANG_WARN_OBJC_ROOT_CLASS = YES_ERROR;
				CLANG_WARN_RANGE_LOOP_ANALYSIS = YES;
				CLANG_WARN_STRICT_PROTOTYPES = YES;
				CLANG_WARN_SUSPICIOUS_MOVE = YES;
				CLANG_WARN_UNGUARDED_AVAILABILITY = YES_AGGRESSIVE;
				CLANG_WARN_UNREACHABLE_CODE = YES;
				CLANG_WARN__DUPLICATE_METHOD_MATCH = YES;
				COPY_PHASE_STRIP = NO;
				DEBUG_INFORMATION_FORMAT = "dwarf-with-dsym";
				ENABLE_NS_ASSERTIONS = NO;
				ENABLE_STRICT_OBJC_MSGSEND = YES;
				GCC_C_LANGUAGE_STANDARD = gnu11;
				GCC_NO_COMMON_BLOCKS = YES;
				GCC_WARN_64_TO_32_BIT_CONVERSION = YES;
				GCC_WARN_ABOUT_RETURN_TYPE = YES_ERROR;
				GCC_WARN_UNDECLARED_SELECTOR = YES;
				GCC_WARN_UNINITIALIZED_AUTOS = YES_AGGRESSIVE;
				GCC_WARN_UNUSED_FUNCTION = YES;
				GCC_WARN_UNUSED_VARIABLE = YES;
				IPHONEOS_DEPLOYMENT_TARGET = 13.0;
				MTL_ENABLE_DEBUG_INFO = NO;
				MTL_FAST_MATH = YES;
				SDKROOT = iphoneos;
				SWIFT_COMPILATION_MODE = wholemodule;
				SWIFT_OPTIMIZATION_LEVEL = "-O";
				VALIDATE_PRODUCT = YES;
			};
			name = Release;
		};
		8AC9C2B524DD701600E9F6BD /* Debug */ = {
			isa = XCBuildConfiguration;
			baseConfigurationReference = 7012D0EE2D9145EF674845DB /* Pods-MyPlaces.debug.xcconfig */;
			buildSettings = {
				ASSETCATALOG_COMPILER_APPICON_NAME = AppIcon;
				CODE_SIGN_STYLE = Automatic;
				DEVELOPMENT_TEAM = WH34DMFD48;
				INFOPLIST_FILE = MyPlaces/Info.plist;
				IPHONEOS_DEPLOYMENT_TARGET = 13.0;
				LD_RUNPATH_SEARCH_PATHS = (
					"$(inherited)",
					"@executable_path/Frameworks",
				);
				PRODUCT_BUNDLE_IDENTIFIER = Konkey.MyPlaces;
				PRODUCT_NAME = "$(TARGET_NAME)";
				SWIFT_VERSION = 5.0;
				TARGETED_DEVICE_FAMILY = "1,2";
			};
			name = Debug;
		};
		8AC9C2B624DD701600E9F6BD /* Release */ = {
			isa = XCBuildConfiguration;
			baseConfigurationReference = D60B3F5183401B5CC20A1981 /* Pods-MyPlaces.release.xcconfig */;
			buildSettings = {
				ASSETCATALOG_COMPILER_APPICON_NAME = AppIcon;
				CODE_SIGN_STYLE = Automatic;
				DEVELOPMENT_TEAM = WH34DMFD48;
				INFOPLIST_FILE = MyPlaces/Info.plist;
				IPHONEOS_DEPLOYMENT_TARGET = 13.0;
				LD_RUNPATH_SEARCH_PATHS = (
					"$(inherited)",
					"@executable_path/Frameworks",
				);
				PRODUCT_BUNDLE_IDENTIFIER = Konkey.MyPlaces;
				PRODUCT_NAME = "$(TARGET_NAME)";
				SWIFT_VERSION = 5.0;
				TARGETED_DEVICE_FAMILY = "1,2";
			};
			name = Release;
		};
/* End XCBuildConfiguration section */

/* Begin XCConfigurationList section */
		8AC9C29B24DD701500E9F6BD /* Build configuration list for PBXProject "MyPlaces" */ = {
			isa = XCConfigurationList;
			buildConfigurations = (
				8AC9C2B224DD701600E9F6BD /* Debug */,
				8AC9C2B324DD701600E9F6BD /* Release */,
			);
			defaultConfigurationIsVisible = 0;
			defaultConfigurationName = Release;
		};
		8AC9C2B424DD701600E9F6BD /* Build configuration list for PBXNativeTarget "MyPlaces" */ = {
			isa = XCConfigurationList;
			buildConfigurations = (
				8AC9C2B524DD701600E9F6BD /* Debug */,
				8AC9C2B624DD701600E9F6BD /* Release */,
			);
			defaultConfigurationIsVisible = 0;
			defaultConfigurationName = Release;
		};
/* End XCConfigurationList section */
	};
	rootObject = 8AC9C29824DD701500E9F6BD /* Project object */;
}
